// !pbxproject
//
// PROJECT
//
// DO NOT EDIT THIS FILE DIRECTLY
//
// This file is generated by Xcode and should not be modified.
//
// See https://developer.apple.com/documentation/xcode/creating_a_project
//
// The project file is a property list (plist) format file.
// This file describes the structure of the project and its targets.
// The project is managed by Xcode and you should not edit it directly.
//
// Instead, use Xcode to manage your project configuration.

